
Microsoft Visual Studio Solution File, Format Version 12.00
# Visual Studio Version 16
VisualStudioVersion = 16.0.33927.289
MinimumVisualStudioVersion = 10.0.40219.1
Project("{8BC9CEB8-8B4A-11D0-8D11-00A0C91BC942}") = "Project 9", "Project 9\Project 9.vcxproj", "{86586D66-39F3-41CB-A043-845F51EDD777}"
EndProject
Global
	GlobalSection(SolutionConfigurationPlatforms) = preSolution
		Debug|x64 = Debug|x64
		Debug|x86 = Debug|x86
		Release|x64 = Release|x64
		Release|x86 = Release|x86
	EndGlobalSection
	GlobalSection(ProjectConfigurationPlatforms) = postSolution
		{86586D66-39F3-41CB-A043-845F51EDD777}.Debug|x64.ActiveCfg = Debug|x64
		{86586D66-39F3-41CB-A043-845F51EDD777}.Debug|x64.Build.0 = Debug|x64
		{86586D66-39F3-41CB-A043-845F51EDD777}.Debug|x86.ActiveCfg = Debug|Win32
		{86586D66-39F3-41CB-A043-845F51EDD777}.Debug|x86.Build.0 = Debug|Win32
		{86586D66-39F3-41CB-A043-845F51EDD777}.Release|x64.ActiveCfg = Release|x64
		{86586D66-39F3-41CB-A043-845F51EDD777}.Release|x64.Build.0 = Release|x64
		{86586D66-39F3-41CB-A043-845F51EDD777}.Release|x86.ActiveCfg = Release|Win32
		{86586D66-39F3-41CB-A043-845F51EDD777}.Release|x86.Build.0 = Release|Win32
	EndGlobalSection
	GlobalSection(SolutionProperties) = preSolution
		HideSolutionNode = FALSE
	EndGlobalSection
	GlobalSection(ExtensibilityGlobals) = postSolution
		SolutionGuid = {91234AF4-2426-467E-9AD1-4B5F3A1CFE02}
	EndGlobalSection
EndGlobal
