
Microsoft Visual Studio Solution File, Format Version 12.00
# Visual Studio Version 16
VisualStudioVersion = 16.0.33927.289
MinimumVisualStudioVersion = 10.0.40219.1
Project("{8BC9CEB8-8B4A-11D0-8D11-00A0C91BC942}") = "Project 8", "Project 8\Project 8.vcxproj", "{A43DF5A8-8CA1-4DA3-B10B-E38435E01A0B}"
EndProject
Global
	GlobalSection(SolutionConfigurationPlatforms) = preSolution
		Debug|x64 = Debug|x64
		Debug|x86 = Debug|x86
		Release|x64 = Release|x64
		Release|x86 = Release|x86
	EndGlobalSection
	GlobalSection(ProjectConfigurationPlatforms) = postSolution
		{A43DF5A8-8CA1-4DA3-B10B-E38435E01A0B}.Debug|x64.ActiveCfg = Debug|x64
		{A43DF5A8-8CA1-4DA3-B10B-E38435E01A0B}.Debug|x64.Build.0 = Debug|x64
		{A43DF5A8-8CA1-4DA3-B10B-E38435E01A0B}.Debug|x86.ActiveCfg = Debug|Win32
		{A43DF5A8-8CA1-4DA3-B10B-E38435E01A0B}.Debug|x86.Build.0 = Debug|Win32
		{A43DF5A8-8CA1-4DA3-B10B-E38435E01A0B}.Release|x64.ActiveCfg = Release|x64
		{A43DF5A8-8CA1-4DA3-B10B-E38435E01A0B}.Release|x64.Build.0 = Release|x64
		{A43DF5A8-8CA1-4DA3-B10B-E38435E01A0B}.Release|x86.ActiveCfg = Release|Win32
		{A43DF5A8-8CA1-4DA3-B10B-E38435E01A0B}.Release|x86.Build.0 = Release|Win32
	EndGlobalSection
	GlobalSection(SolutionProperties) = preSolution
		HideSolutionNode = FALSE
	EndGlobalSection
	GlobalSection(ExtensibilityGlobals) = postSolution
		SolutionGuid = {37160651-3D64-4D9B-AFE9-7C061FC19B0D}
	EndGlobalSection
EndGlobal
